Microsoft Visual Studio Solution File, Format Version 12.00
# Visual Studio Version 17
VisualStudioVersion = 17.13.35931.197
MinimumVisualStudioVersion = 10.0.40219.1
Project("{FAE04EC0-301F-11D3-BF4B-00C04F79EFBC}") = "MoralesA-LigaPro", "MoralesA-LigaPro\MoralesA-LigaPro.csproj", "{31E365C8-D9C8-4F77-B241-E135968B3F0E}"
EndProject
Global
	GlobalSection(SolutionConfigurationPlatforms) = preSolution
		Debug|Any CPU = Debug|Any CPU
		Release|Any CPU = Release|Any CPU
	EndGlobalSection
	GlobalSection(ProjectConfigurationPlatforms) = postSolution
		{31E365C8-D9C8-4F77-B241-E135968B3F0E}.Debug|Any CPU.ActiveCfg = Debug|Any CPU
		{31E365C8-D9C8-4F77-B241-E135968B3F0E}.Debug|Any CPU.Build.0 = Debug|Any CPU
		{31E365C8-D9C8-4F77-B241-E135968B3F0E}.Release|Any CPU.ActiveCfg = Release|Any CPU
		{31E365C8-D9C8-4F77-B241-E135968B3F0E}.Release|Any CPU.Build.0 = Release|Any CPU
	EndGlobalSection
	GlobalSection(SolutionProperties) = preSolution
		HideSolutionNode = FALSE
	EndGlobalSection
	GlobalSection(ExtensibilityGlobals) = postSolution
		SolutionGuid = {777F9055-7E4E-4C89-8421-7B26AEB31688}
	EndGlobalSection
EndGlobal
